// !$*UTF8*$!
{
	archiveVersion = 1;
	classes = {
	};
	objectVersion = 46;
	objects = {

/* Begin PBXBuildFile section */
		2001BA301B7B6FD900F29031 /* XYZDetailAnswerViewController.m in Sources */ = {isa = PBXBuildFile; fileRef = 2001BA2F1B7B6FD900F29031 /* XYZDetailAnswerViewController.m */; };
		2001BA331B7B708700F29031 /* XYZPeopleViewController.m in Sources */ = {isa = PBXBuildFile; fileRef = 2001BA321B7B708700F29031 /* XYZPeopleViewController.m */; };
		2001BA361B7B709800F29031 /* XYZTopicViewController.m in Sources */ = {isa = PBXBuildFile; fileRef = 2001BA351B7B709800F29031 /* XYZTopicViewController.m */; };
		2001BA831B7C514000F29031 /* Assets.xcassets in Resources */ = {isa = PBXBuildFile; fileRef = 2001BA821B7C514000F29031 /* Assets.xcassets */; };
		2001BA861B7C666500F29031 /* DiscoveryViewController.m in Sources */ = {isa = PBXBuildFile; fileRef = 2001BA851B7C666500F29031 /* DiscoveryViewController.m */; };
		205F40361B83130400C86346 /* XYZDiscoveryContainScrollView.m in Sources */ = {isa = PBXBuildFile; fileRef = 205F40351B83130400C86346 /* XYZDiscoveryContainScrollView.m */; };
		20980DE21B8207DA0099A72F /* answer.html in Resources */ = {isa = PBXBuildFile; fileRef = 20980DE11B8207DA0099A72F /* answer.html */; };
		20A9A8871B78A6B50036D43F /* main.m in Sources */ = {isa = PBXBuildFile; fileRef = 20A9A8861B78A6B50036D43F /* main.m */; };
		20A9A88A1B78A6B50036D43F /* AppDelegate.m in Sources */ = {isa = PBXBuildFile; fileRef = 20A9A8891B78A6B50036D43F /* AppDelegate.m */; };
		20A9A8901B78A6B50036D43F /* Main.storyboard in Resources */ = {isa = PBXBuildFile; fileRef = 20A9A88E1B78A6B50036D43F /* Main.storyboard */; };
		20A9A8951B78A6B50036D43F /* LaunchScreen.storyboard in Resources */ = {isa = PBXBuildFile; fileRef = 20A9A8931B78A6B50036D43F /* LaunchScreen.storyboard */; };
		20A9A8A01B78A6B50036D43F /* zhijiTests.m in Sources */ = {isa = PBXBuildFile; fileRef = 20A9A89F1B78A6B50036D43F /* zhijiTests.m */; };
		20A9A8AB1B78A6B50036D43F /* zhijiUITests.m in Sources */ = {isa = PBXBuildFile; fileRef = 20A9A8AA1B78A6B50036D43F /* zhijiUITests.m */; };
		20A9A8BA1B790CE20036D43F /* XYZHomeTableViewController.m in Sources */ = {isa = PBXBuildFile; fileRef = 20A9A8B91B790CE20036D43F /* XYZHomeTableViewController.m */; };
		20A9A8BD1B7911100036D43F /* XYZHomeTableViewCell.m in Sources */ = {isa = PBXBuildFile; fileRef = 20A9A8BC1B7911100036D43F /* XYZHomeTableViewCell.m */; };
		20B9C6041B843E9300FCBA0B /* XYZDiscoveryTableViewCell.m in Sources */ = {isa = PBXBuildFile; fileRef = 20B9C6031B843E9300FCBA0B /* XYZDiscoveryTableViewCell.m */; };
/* End PBXBuildFile section */

/* Begin PBXContainerItemProxy section */
		20A9A89C1B78A6B50036D43F /* PBXContainerItemProxy */ = {
			isa = PBXContainerItemProxy;
			containerPortal = 20A9A87A1B78A6B50036D43F /* Project object */;
			proxyType = 1;
			remoteGlobalIDString = 20A9A8811B78A6B50036D43F;
			remoteInfo = zhiji;
		};
		20A9A8A71B78A6B50036D43F /* PBXContainerItemProxy */ = {
			isa = PBXContainerItemProxy;
			containerPortal = 20A9A87A1B78A6B50036D43F /* Project object */;
			proxyType = 1;
			remoteGlobalIDString = 20A9A8811B78A6B50036D43F;
			remoteInfo = zhiji;
		};
/* End PBXContainerItemProxy section */

/* Begin PBXFileReference section */
		2001BA2E1B7B6FD900F29031 /* XYZDetailAnswerViewController.h */ = {isa = PBXFileReference; fileEncoding = 4; lastKnownFileType = sourcecode.c.h; path = XYZDetailAnswerViewController.h; sourceTree = "<group>"; };
		2001BA2F1B7B6FD900F29031 /* XYZDetailAnswerViewController.m */ = {isa = PBXFileReference; fileEncoding = 4; lastKnownFileType = sourcecode.c.objc; path = XYZDetailAnswerViewController.m; sourceTree = "<group>"; };
		2001BA311B7B708700F29031 /* XYZPeopleViewController.h */ = {isa = PBXFileReference; fileEncoding = 4; lastKnownFileType = sourcecode.c.h; path = XYZPeopleViewController.h; sourceTree = "<group>"; };
		2001BA321B7B708700F29031 /* XYZPeopleViewController.m */ = {isa = PBXFileReference; fileEncoding = 4; lastKnownFileType = sourcecode.c.objc; path = XYZPeopleViewController.m; sourceTree = "<group>"; };
		2001BA341B7B709800F29031 /* XYZTopicViewController.h */ = {isa = PBXFileReference; fileEncoding = 4; lastKnownFileType = sourcecode.c.h; path = XYZTopicViewController.h; sourceTree = "<group>"; };
		2001BA351B7B709800F29031 /* XYZTopicViewController.m */ = {isa = PBXFileReference; fileEncoding = 4; lastKnownFileType = sourcecode.c.objc; path = XYZTopicViewController.m; sourceTree = "<group>"; };
		2001BA821B7C514000F29031 /* Assets.xcassets */ = {isa = PBXFileReference; lastKnownFileType = folder.assetcatalog; path = Assets.xcassets; sourceTree = "<group>"; };
		2001BA841B7C666500F29031 /* DiscoveryViewController.h */ = {isa = PBXFileReference; fileEncoding = 4; lastKnownFileType = sourcecode.c.h; path = DiscoveryViewController.h; sourceTree = "<group>"; };
		2001BA851B7C666500F29031 /* DiscoveryViewController.m */ = {isa = PBXFileReference; fileEncoding = 4; lastKnownFileType = sourcecode.c.objc; path = DiscoveryViewController.m; sourceTree = "<group>"; };
		205F40341B83130400C86346 /* XYZDiscoveryContainScrollView.h */ = {isa = PBXFileReference; fileEncoding = 4; lastKnownFileType = sourcecode.c.h; path = XYZDiscoveryContainScrollView.h; sourceTree = "<group>"; };
		205F40351B83130400C86346 /* XYZDiscoveryContainScrollView.m */ = {isa = PBXFileReference; fileEncoding = 4; lastKnownFileType = sourcecode.c.objc; path = XYZDiscoveryContainScrollView.m; sourceTree = "<group>"; };
		20980DE11B8207DA0099A72F /* answer.html */ = {isa = PBXFileReference; fileEncoding = 4; lastKnownFileType = text.html; path = answer.html; sourceTree = "<group>"; };
		20A9A8821B78A6B50036D43F /* zhiji.app */ = {isa = PBXFileReference; explicitFileType = wrapper.application; includeInIndex = 0; path = zhiji.app; sourceTree = BUILT_PRODUCTS_DIR; };
		20A9A8861B78A6B50036D43F /* main.m */ = {isa = PBXFileReference; lastKnownFileType = sourcecode.c.objc; path = main.m; sourceTree = "<group>"; };
		20A9A8881B78A6B50036D43F /* AppDelegate.h */ = {isa = PBXFileReference; lastKnownFileType = sourcecode.c.h; path = AppDelegate.h; sourceTree = "<group>"; };
		20A9A8891B78A6B50036D43F /* AppDelegate.m */ = {isa = PBXFileReference; lastKnownFileType = sourcecode.c.objc; path = AppDelegate.m; sourceTree = "<group>"; };
		20A9A88F1B78A6B50036D43F /* Base */ = {isa = PBXFileReference; lastKnownFileType = file.storyboard; name = Base; path = Base.lproj/Main.storyboard; sourceTree = "<group>"; };
		20A9A8941B78A6B50036D43F /* Base */ = {isa = PBXFileReference; lastKnownFileType = file.storyboard; name = Base; path = Base.lproj/LaunchScreen.storyboard; sourceTree = "<group>"; };
		20A9A8961B78A6B50036D43F /* Info.plist */ = {isa = PBXFileReference; lastKnownFileType = text.plist.xml; path = Info.plist; sourceTree = "<group>"; };
		20A9A89B1B78A6B50036D43F /* zhijiTests.xctest */ = {isa = PBXFileReference; explicitFileType = wrapper.cfbundle; includeInIndex = 0; path = zhijiTests.xctest; sourceTree = BUILT_PRODUCTS_DIR; };
		20A9A89F1B78A6B50036D43F /* zhijiTests.m */ = {isa = PBXFileReference; lastKnownFileType = sourcecode.c.objc; path = zhijiTests.m; sourceTree = "<group>"; };
		20A9A8A11B78A6B50036D43F /* Info.plist */ = {isa = PBXFileReference; lastKnownFileType = text.plist.xml; path = Info.plist; sourceTree = "<group>"; };
		20A9A8A61B78A6B50036D43F /* zhijiUITests.xctest */ = {isa = PBXFileReference; explicitFileType = wrapper.cfbundle; includeInIndex = 0; path = zhijiUITests.xctest; sourceTree = BUILT_PRODUCTS_DIR; };
		20A9A8AA1B78A6B50036D43F /* zhijiUITests.m */ = {isa = PBXFileReference; lastKnownFileType = sourcecode.c.objc; path = zhijiUITests.m; sourceTree = "<group>"; };
		20A9A8AC1B78A6B50036D43F /* Info.plist */ = {isa = PBXFileReference; lastKnownFileType = text.plist.xml; path = Info.plist; sourceTree = "<group>"; };
		20A9A8B81B790CE20036D43F /* XYZHomeTableViewController.h */ = {isa = PBXFileReference; fileEncoding = 4; lastKnownFileType = sourcecode.c.h; path = XYZHomeTableViewController.h; sourceTree = "<group>"; };
		20A9A8B91B790CE20036D43F /* XYZHomeTableViewController.m */ = {isa = PBXFileReference; fileEncoding = 4; lastKnownFileType = sourcecode.c.objc; path = XYZHomeTableViewController.m; sourceTree = "<group>"; };
		20A9A8BB1B7911100036D43F /* XYZHomeTableViewCell.h */ = {isa = PBXFileReference; fileEncoding = 4; lastKnownFileType = sourcecode.c.h; path = XYZHomeTableViewCell.h; sourceTree = "<group>"; };
		20A9A8BC1B7911100036D43F /* XYZHomeTableViewCell.m */ = {isa = PBXFileReference; fileEncoding = 4; lastKnownFileType = sourcecode.c.objc; path = XYZHomeTableViewCell.m; sourceTree = "<group>"; };
		20B9C6021B843E9300FCBA0B /* XYZDiscoveryTableViewCell.h */ = {isa = PBXFileReference; fileEncoding = 4; lastKnownFileType = sourcecode.c.h; path = XYZDiscoveryTableViewCell.h; sourceTree = "<group>"; };
		20B9C6031B843E9300FCBA0B /* XYZDiscoveryTableViewCell.m */ = {isa = PBXFileReference; fileEncoding = 4; lastKnownFileType = sourcecode.c.objc; path = XYZDiscoveryTableViewCell.m; sourceTree = "<group>"; };
/* End PBXFileReference section */

/* Begin PBXFrameworksBuildPhase section */
		20A9A87F1B78A6B50036D43F /* Frameworks */ = {
			isa = PBXFrameworksBuildPhase;
			buildActionMask = 2147483647;
			files = (
			);
			runOnlyForDeploymentPostprocessing = 0;
		};
		20A9A8981B78A6B50036D43F /* Frameworks */ = {
			isa = PBXFrameworksBuildPhase;
			buildActionMask = 2147483647;
			files = (
			);
			runOnlyForDeploymentPostprocessing = 0;
		};
		20A9A8A31B78A6B50036D43F /* Frameworks */ = {
			isa = PBXFrameworksBuildPhase;
			buildActionMask = 2147483647;
			files = (
			);
			runOnlyForDeploymentPostprocessing = 0;
		};
/* End PBXFrameworksBuildPhase section */

/* Begin PBXGroup section */
		20A9A8791B78A6B50036D43F = {
			isa = PBXGroup;
			children = (
				20A9A8841B78A6B50036D43F /* zhiji */,
				20A9A89E1B78A6B50036D43F /* zhijiTests */,
				20A9A8A91B78A6B50036D43F /* zhijiUITests */,
				20A9A8831B78A6B50036D43F /* Products */,
			);
			sourceTree = "<group>";
		};
		20A9A8831B78A6B50036D43F /* Products */ = {
			isa = PBXGroup;
			children = (
				20A9A8821B78A6B50036D43F /* zhiji.app */,
				20A9A89B1B78A6B50036D43F /* zhijiTests.xctest */,
				20A9A8A61B78A6B50036D43F /* zhijiUITests.xctest */,
			);
			name = Products;
			sourceTree = "<group>";
		};
		20A9A8841B78A6B50036D43F /* zhiji */ = {
			isa = PBXGroup;
			children = (
				20A9A8881B78A6B50036D43F /* AppDelegate.h */,
				20A9A8891B78A6B50036D43F /* AppDelegate.m */,
				20B9C5FF1B843BA600FCBA0B /* Home */,
				20B9C5FE1B843B3500FCBA0B /* Dicovery */,
				20B9C6001B843BFC00FCBA0B /* TopicAndPeople */,
				20B9C6011B843C1000FCBA0B /* DetailAnswer */,
				20A9A88E1B78A6B50036D43F /* Main.storyboard */,
				20A9A8931B78A6B50036D43F /* LaunchScreen.storyboard */,
				2001BA821B7C514000F29031 /* Assets.xcassets */,
				20980DE11B8207DA0099A72F /* answer.html */,
				20A9A8961B78A6B50036D43F /* Info.plist */,
				20A9A8851B78A6B50036D43F /* Supporting Files */,
			);
			path = zhiji;
			sourceTree = "<group>";
		};
		20A9A8851B78A6B50036D43F /* Supporting Files */ = {
			isa = PBXGroup;
			children = (
				20A9A8861B78A6B50036D43F /* main.m */,
			);
			name = "Supporting Files";
			sourceTree = "<group>";
		};
		20A9A89E1B78A6B50036D43F /* zhijiTests */ = {
			isa = PBXGroup;
			children = (
				20A9A89F1B78A6B50036D43F /* zhijiTests.m */,
				20A9A8A11B78A6B50036D43F /* Info.plist */,
			);
			path = zhijiTests;
			sourceTree = "<group>";
		};
		20A9A8A91B78A6B50036D43F /* zhijiUITests */ = {
			isa = PBXGroup;
			children = (
				20A9A8AA1B78A6B50036D43F /* zhijiUITests.m */,
				20A9A8AC1B78A6B50036D43F /* Info.plist */,
			);
			path = zhijiUITests;
			sourceTree = "<group>";
		};
		20B9C5FE1B843B3500FCBA0B /* Dicovery */ = {
			isa = PBXGroup;
			children = (
				2001BA841B7C666500F29031 /* DiscoveryViewController.h */,
				2001BA851B7C666500F29031 /* DiscoveryViewController.m */,
				205F40341B83130400C86346 /* XYZDiscoveryContainScrollView.h */,
				205F40351B83130400C86346 /* XYZDiscoveryContainScrollView.m */,
				20B9C6021B843E9300FCBA0B /* XYZDiscoveryTableViewCell.h */,
				20B9C6031B843E9300FCBA0B /* XYZDiscoveryTableViewCell.m */,
			);
			name = Dicovery;
			sourceTree = "<group>";
		};
		20B9C5FF1B843BA600FCBA0B /* Home */ = {
			isa = PBXGroup;
			children = (
				20A9A8B81B790CE20036D43F /* XYZHomeTableViewController.h */,
				20A9A8B91B790CE20036D43F /* XYZHomeTableViewController.m */,
				20A9A8BB1B7911100036D43F /* XYZHomeTableViewCell.h */,
				20A9A8BC1B7911100036D43F /* XYZHomeTableViewCell.m */,
			);
			name = Home;
			sourceTree = "<group>";
		};
		20B9C6001B843BFC00FCBA0B /* TopicAndPeople */ = {
			isa = PBXGroup;
			children = (
				2001BA311B7B708700F29031 /* XYZPeopleViewController.h */,
				2001BA321B7B708700F29031 /* XYZPeopleViewController.m */,
				2001BA341B7B709800F29031 /* XYZTopicViewController.h */,
				2001BA351B7B709800F29031 /* XYZTopicViewController.m */,
			);
			name = TopicAndPeople;
			sourceTree = "<group>";
		};
		20B9C6011B843C1000FCBA0B /* DetailAnswer */ = {
			isa = PBXGroup;
			children = (
				2001BA2E1B7B6FD900F29031 /* XYZDetailAnswerViewController.h */,
				2001BA2F1B7B6FD900F29031 /* XYZDetailAnswerViewController.m */,
			);
			name = DetailAnswer;
			sourceTree = "<group>";
		};
/* End PBXGroup section */

/* Begin PBXNativeTarget section */
		20A9A8811B78A6B50036D43F /* zhiji */ = {
			isa = PBXNativeTarget;
			buildConfigurationList = 20A9A8AF1B78A6B50036D43F /* Build configuration list for PBXNativeTarget "zhiji" */;
			buildPhases = (
				20A9A87E1B78A6B50036D43F /* Sources */,
				20A9A87F1B78A6B50036D43F /* Frameworks */,
				20A9A8801B78A6B50036D43F /* Resources */,
			);
			buildRules = (
			);
			dependencies = (
			);
			name = zhiji;
			productName = zhiji;
			productReference = 20A9A8821B78A6B50036D43F /* zhiji.app */;
			productType = "com.apple.product-type.application";
		};
		20A9A89A1B78A6B50036D43F /* zhijiTests */ = {
			isa = PBXNativeTarget;
			buildConfigurationList = 20A9A8B21B78A6B50036D43F /* Build configuration list for PBXNativeTarget "zhijiTests" */;
			buildPhases = (
				20A9A8971B78A6B50036D43F /* Sources */,
				20A9A8981B78A6B50036D43F /* Frameworks */,
				20A9A8991B78A6B50036D43F /* Resources */,
			);
			buildRules = (
			);
			dependencies = (
				20A9A89D1B78A6B50036D43F /* PBXTargetDependency */,
			);
			name = zhijiTests;
			productName = zhijiTests;
			productReference = 20A9A89B1B78A6B50036D43F /* zhijiTests.xctest */;
			productType = "com.apple.product-type.bundle.unit-test";
		};
		20A9A8A51B78A6B50036D43F /* zhijiUITests */ = {
			isa = PBXNativeTarget;
			buildConfigurationList = 20A9A8B51B78A6B50036D43F /* Build configuration list for PBXNativeTarget "zhijiUITests" */;
			buildPhases = (
				20A9A8A21B78A6B50036D43F /* Sources */,
				20A9A8A31B78A6B50036D43F /* Frameworks */,
				20A9A8A41B78A6B50036D43F /* Resources */,
			);
			buildRules = (
			);
			dependencies = (
				20A9A8A81B78A6B50036D43F /* PBXTargetDependency */,
			);
			name = zhijiUITests;
			productName = zhijiUITests;
			productReference = 20A9A8A61B78A6B50036D43F /* zhijiUITests.xctest */;
			productType = "com.apple.product-type.bundle.ui-testing";
		};
/* End PBXNativeTarget section */

/* Begin PBXProject section */
		20A9A87A1B78A6B50036D43F /* Project object */ = {
			isa = PBXProject;
			attributes = {
				LastUpgradeCheck = 0700;
				ORGANIZATIONNAME = wentilin;
				TargetAttributes = {
					20A9A8811B78A6B50036D43F = {
						CreatedOnToolsVersion = 7.0;
						DevelopmentTeam = 4EG25ZT9T6;
					};
					20A9A89A1B78A6B50036D43F = {
						CreatedOnToolsVersion = 7.0;
						TestTargetID = 20A9A8811B78A6B50036D43F;
					};
					20A9A8A51B78A6B50036D43F = {
						CreatedOnToolsVersion = 7.0;
						TestTargetID = 20A9A8811B78A6B50036D43F;
					};
				};
			};
			buildConfigurationList = 20A9A87D1B78A6B50036D43F /* Build configuration list for PBXProject "zhiji" */;
			compatibilityVersion = "Xcode 3.2";
			developmentRegion = English;
			hasScannedForEncodings = 0;
			knownRegions = (
				en,
				Base,
			);
			mainGroup = 20A9A8791B78A6B50036D43F;
			productRefGroup = 20A9A8831B78A6B50036D43F /* Products */;
			projectDirPath = "";
			projectRoot = "";
			targets = (
				20A9A8811B78A6B50036D43F /* zhiji */,
				20A9A89A1B78A6B50036D43F /* zhijiTests */,
				20A9A8A51B78A6B50036D43F /* zhijiUITests */,
			);
		};
/* End PBXProject section */

/* Begin PBXResourcesBuildPhase section */
		20A9A8801B78A6B50036D43F /* Resources */ = {
			isa = PBXResourcesBuildPhase;
			buildActionMask = 2147483647;
			files = (
				20A9A8951B78A6B50036D43F /* LaunchScreen.storyboard in Resources */,
				2001BA831B7C514000F29031 /* Assets.xcassets in Resources */,
				20980DE21B8207DA0099A72F /* answer.html in Resources */,
				20A9A8901B78A6B50036D43F /* Main.storyboard in Resources */,
			);
			runOnlyForDeploymentPostprocessing = 0;
		};
		20A9A8991B78A6B50036D43F /* Resources */ = {
			isa = PBXResourcesBuildPhase;
			buildActionMask = 2147483647;
			files = (
			);
			runOnlyForDeploymentPostprocessing = 0;
		};
		20A9A8A41B78A6B50036D43F /* Resources */ = {
			isa = PBXResourcesBuildPhase;
			buildActionMask = 2147483647;
			files = (
			);
			runOnlyForDeploymentPostprocessing = 0;
		};
/* End PBXResourcesBuildPhase section */

/* Begin PBXSourcesBuildPhase section */
		20A9A87E1B78A6B50036D43F /* Sources */ = {
			isa = PBXSourcesBuildPhase;
			buildActionMask = 2147483647;
			files = (
				20A9A8BD1B7911100036D43F /* XYZHomeTableViewCell.m in Sources */,
				2001BA301B7B6FD900F29031 /* XYZDetailAnswerViewController.m in Sources */,
				2001BA331B7B708700F29031 /* XYZPeopleViewController.m in Sources */,
				2001BA361B7B709800F29031 /* XYZTopicViewController.m in Sources */,
				20A9A88A1B78A6B50036D43F /* AppDelegate.m in Sources */,
				2001BA861B7C666500F29031 /* DiscoveryViewController.m in Sources */,
				20B9C6041B843E9300FCBA0B /* XYZDiscoveryTableViewCell.m in Sources */,
				20A9A8BA1B790CE20036D43F /* XYZHomeTableViewController.m in Sources */,
				20A9A8871B78A6B50036D43F /* main.m in Sources */,
				205F40361B83130400C86346 /* XYZDiscoveryContainScrollView.m in Sources */,
			);
			runOnlyForDeploymentPostprocessing = 0;
		};
		20A9A8971B78A6B50036D43F /* Sources */ = {
			isa = PBXSourcesBuildPhase;
			buildActionMask = 2147483647;
			files = (
				20A9A8A01B78A6B50036D43F /* zhijiTests.m in Sources */,
			);
			runOnlyForDeploymentPostprocessing = 0;
		};
		20A9A8A21B78A6B50036D43F /* Sources */ = {
			isa = PBXSourcesBuildPhase;
			buildActionMask = 2147483647;
			files = (
				20A9A8AB1B78A6B50036D43F /* zhijiUITests.m in Sources */,
			);
			runOnlyForDeploymentPostprocessing = 0;
		};
/* End PBXSourcesBuildPhase section */

/* Begin PBXTargetDependency section */
		20A9A89D1B78A6B50036D43F /* PBXTargetDependency */ = {
			isa = PBXTargetDependency;
			target = 20A9A8811B78A6B50036D43F /* zhiji */;
			targetProxy = 20A9A89C1B78A6B50036D43F /* PBXContainerItemProxy */;
		};
		20A9A8A81B78A6B50036D43F /* PBXTargetDependency */ = {
			isa = PBXTargetDependency;
			target = 20A9A8811B78A6B50036D43F /* zhiji */;
			targetProxy = 20A9A8A71B78A6B50036D43F /* PBXContainerItemProxy */;
		};
/* End PBXTargetDependency section */

/* Begin PBXVariantGroup section */
		20A9A88E1B78A6B50036D43F /* Main.storyboard */ = {
			isa = PBXVariantGroup;
			children = (
				20A9A88F1B78A6B50036D43F /* Base */,
			);
			name = Main.storyboard;
			sourceTree = "<group>";
		};
		20A9A8931B78A6B50036D43F /* LaunchScreen.storyboard */ = {
			isa = PBXVariantGroup;
			children = (
				20A9A8941B78A6B50036D43F /* Base */,
			);
			name = LaunchScreen.storyboard;
			sourceTree = "<group>";
		};
/* End PBXVariantGroup section */

/* Begin XCBuildConfiguration section */
		20A9A8AD1B78A6B50036D43F /* Debug */ = {
			isa = XCBuildConfiguration;
			buildSettings = {
				ALWAYS_SEARCH_USER_PATHS = NO;
				CLANG_CXX_LANGUAGE_STANDARD = "gnu++0x";
				CLANG_CXX_LIBRARY = "libc++";
				CLANG_ENABLE_MODULES = YES;
				CLANG_ENABLE_OBJC_ARC = YES;
				CLANG_WARN_BOOL_CONVERSION = YES;
				CLANG_WARN_CONSTANT_CONVERSION = YES;
				CLANG_WARN_DIRECT_OBJC_ISA_USAGE = YES_ERROR;
				CLANG_WARN_EMPTY_BODY = YES;
				CLANG_WARN_ENUM_CONVERSION = YES;
				CLANG_WARN_INT_CONVERSION = YES;
				CLANG_WARN_OBJC_ROOT_CLASS = YES_ERROR;
				CLANG_WARN_UNREACHABLE_CODE = YES;
				CLANG_WARN__DUPLICATE_METHOD_MATCH = YES;
				"CODE_SIGN_IDENTITY[sdk=iphoneos*]" = "iPhone Developer";
				COPY_PHASE_STRIP = NO;
				DEBUG_INFORMATION_FORMAT = dwarf;
				ENABLE_STRICT_OBJC_MSGSEND = YES;
				ENABLE_TESTABILITY = YES;
				GCC_C_LANGUAGE_STANDARD = gnu99;
				GCC_DYNAMIC_NO_PIC = NO;
				GCC_NO_COMMON_BLOCKS = YES;
				GCC_OPTIMIZATION_LEVEL = 0;
				GCC_PREPROCESSOR_DEFINITIONS = (
					"DEBUG=1",
					"$(inherited)",
				);
				GCC_WARN_64_TO_32_BIT_CONVERSION = YES;
				GCC_WARN_ABOUT_RETURN_TYPE = YES_ERROR;
				GCC_WARN_UNDECLARED_SELECTOR = YES;
				GCC_WARN_UNINITIALIZED_AUTOS = YES_AGGRESSIVE;
				GCC_WARN_UNUSED_FUNCTION = YES;
				GCC_WARN_UNUSED_VARIABLE = YES;
				IPHONEOS_DEPLOYMENT_TARGET = 9.0;
				MTL_ENABLE_DEBUG_INFO = YES;
				ONLY_ACTIVE_ARCH = YES;
				SDKROOT = iphoneos;
				TARGETED_DEVICE_FAMILY = "1,2";
			};
			name = Debug;
		};
		20A9A8AE1B78A6B50036D43F /* Release */ = {
			isa = XCBuildConfiguration;
			buildSettings = {
				ALWAYS_SEARCH_USER_PATHS = NO;
				CLANG_CXX_LANGUAGE_STANDARD = "gnu++0x";
				CLANG_CXX_LIBRARY = "libc++";
				CLANG_ENABLE_MODULES = YES;
				CLANG_ENABLE_OBJC_ARC = YES;
				CLANG_WARN_BOOL_CONVERSION = YES;
				CLANG_WARN_CONSTANT_CONVERSION = YES;
				CLANG_WARN_DIRECT_OBJC_ISA_USAGE = YES_ERROR;
				CLANG_WARN_EMPTY_BODY = YES;
				CLANG_WARN_ENUM_CONVERSION = YES;
				CLANG_WARN_INT_CONVERSION = YES;
				CLANG_WARN_OBJC_ROOT_CLASS = YES_ERROR;
				CLANG_WARN_UNREACHABLE_CODE = YES;
				CLANG_WARN__DUPLICATE_METHOD_MATCH = YES;
				"CODE_SIGN_IDENTITY[sdk=iphoneos*]" = "iPhone Developer";
				COPY_PHASE_STRIP = NO;
				DEBUG_INFORMATION_FORMAT = "dwarf-with-dsym";
				ENABLE_NS_ASSERTIONS = NO;
				ENABLE_STRICT_OBJC_MSGSEND = YES;
				GCC_C_LANGUAGE_STANDARD = gnu99;
				GCC_NO_COMMON_BLOCKS = YES;
				GCC_WARN_64_TO_32_BIT_CONVERSION = YES;
				GCC_WARN_ABOUT_RETURN_TYPE = YES_ERROR;
				GCC_WARN_UNDECLARED_SELECTOR = YES;
				GCC_WARN_UNINITIALIZED_AUTOS = YES_AGGRESSIVE;
				GCC_WARN_UNUSED_FUNCTION = YES;
				GCC_WARN_UNUSED_VARIABLE = YES;
				IPHONEOS_DEPLOYMENT_TARGET = 9.0;
				MTL_ENABLE_DEBUG_INFO = NO;
				SDKROOT = iphoneos;
				TARGETED_DEVICE_FAMILY = "1,2";
				VALIDATE_PRODUCT = YES;
			};
			name = Release;
		};
		20A9A8B01B78A6B50036D43F /* Debug */ = {
			isa = XCBuildConfiguration;
			buildSettings = {
				ASSETCATALOG_COMPILER_APPICON_NAME = AppIcon;
				CODE_SIGN_IDENTITY = "iPhone Developer";
				INFOPLIST_FILE = zhiji/Info.plist;
				IPHONEOS_DEPLOYMENT_TARGET = 8.0;
				LD_RUNPATH_SEARCH_PATHS = "$(inherited) @executable_path/Frameworks";
				PRODUCT_BUNDLE_IDENTIFIER = wentilin.zhiji;
				PRODUCT_NAME = "$(TARGET_NAME)";
			};
			name = Debug;
		};
		20A9A8B11B78A6B50036D43F /* Release */ = {
			isa = XCBuildConfiguration;
			buildSettings = {
				ASSETCATALOG_COMPILER_APPICON_NAME = AppIcon;
				CODE_SIGN_IDENTITY = "iPhone Developer";
				INFOPLIST_FILE = zhiji/Info.plist;
				IPHONEOS_DEPLOYMENT_TARGET = 8.0;
				LD_RUNPATH_SEARCH_PATHS = "$(inherited) @executable_path/Frameworks";
				PRODUCT_BUNDLE_IDENTIFIER = wentilin.zhiji;
				PRODUCT_NAME = "$(TARGET_NAME)";
			};
			name = Release;
		};
		20A9A8B31B78A6B50036D43F /* Debug */ = {
			isa = XCBuildConfiguration;
			buildSettings = {
				BUNDLE_LOADER = "$(TEST_HOST)";
				INFOPLIST_FILE = zhijiTests/Info.plist;
				LD_RUNPATH_SEARCH_PATHS = "$(inherited) @executable_path/Frameworks @loader_path/Frameworks";
				PRODUCT_BUNDLE_IDENTIFIER = wentilin.zhijiTests;
				PRODUCT_NAME = "$(TARGET_NAME)";
				TEST_HOST = "$(BUILT_PRODUCTS_DIR)/zhiji.app/zhiji";
			};
			name = Debug;
		};
		20A9A8B41B78A6B50036D43F /* Release */ = {
			isa = XCBuildConfiguration;
			buildSettings = {
				BUNDLE_LOADER = "$(TEST_HOST)";
				INFOPLIST_FILE = zhijiTests/Info.plist;
				LD_RUNPATH_SEARCH_PATHS = "$(inherited) @executable_path/Frameworks @loader_path/Frameworks";
				PRODUCT_BUNDLE_IDENTIFIER = wentilin.zhijiTests;
				PRODUCT_NAME = "$(TARGET_NAME)";
				TEST_HOST = "$(BUILT_PRODUCTS_DIR)/zhiji.app/zhiji";
			};
			name = Release;
		};
		20A9A8B61B78A6B50036D43F /* Debug */ = {
			isa = XCBuildConfiguration;
			buildSettings = {
				INFOPLIST_FILE = zhijiUITests/Info.plist;
				LD_RUNPATH_SEARCH_PATHS = "$(inherited) @executable_path/Frameworks @loader_path/Frameworks";
				PRODUCT_BUNDLE_IDENTIFIER = wentilin.zhijiUITests;
				PRODUCT_NAME = "$(TARGET_NAME)";
				TEST_TARGET_NAME = zhiji;
				USES_XCTRUNNER = YES;
			};
			name = Debug;
		};
		20A9A8B71B78A6B50036D43F /* Release */ = {
			isa = XCBuildConfiguration;
			buildSettings = {
				INFOPLIST_FILE = zhijiUITests/Info.plist;
				LD_RUNPATH_SEARCH_PATHS = "$(inherited) @executable_path/Frameworks @loader_path/Frameworks";
				PRODUCT_BUNDLE_IDENTIFIER = wentilin.zhijiUITests;
				PRODUCT_NAME = "$(TARGET_NAME)";
				TEST_TARGET_NAME = zhiji;
				USES_XCTRUNNER = YES;
			};
			name = Release;
		};
/* End XCBuildConfiguration section */

/* Begin XCConfigurationList section */
		20A9A87D1B78A6B50036D43F /* Build configuration list for PBXProject "zhiji" */ = {
			isa = XCConfigurationList;
			buildConfigurations = (
				20A9A8AD1B78A6B50036D43F /* Debug */,
				20A9A8AE1B78A6B50036D43F /* Release */,
			);
			defaultConfigurationIsVisible = 0;
			defaultConfigurationName = Release;
		};
		20A9A8AF1B78A6B50036D43F /* Build configuration list for PBXNativeTarget "zhiji" */ = {
			isa = XCConfigurationList;
			buildConfigurations = (
				20A9A8B01B78A6B50036D43F /* Debug */,
				20A9A8B11B78A6B50036D43F /* Release */,
			);
			defaultConfigurationIsVisible = 0;
			defaultConfigurationName = Release;
		};
		20A9A8B21B78A6B50036D43F /* Build configuration list for PBXNativeTarget "zhijiTests" */ = {
			isa = XCConfigurationList;
			buildConfigurations = (
				20A9A8B31B78A6B50036D43F /* Debug */,
				20A9A8B41B78A6B50036D43F /* Release */,
			);
			defaultConfigurationIsVisible = 0;
			defaultConfigurationName = Release;
		};
		20A9A8B51B78A6B50036D43F /* Build configuration list for PBXNativeTarget "zhijiUITests" */ = {
			isa = XCConfigurationList;
			buildConfigurations = (
				20A9A8B61B78A6B50036D43F /* Debug */,
				20A9A8B71B78A6B50036D43F /* Release */,
			);
			defaultConfigurationIsVisible = 0;
			defaultConfigurationName = Release;
		};
/* End XCConfigurationList section */
	};
	rootObject = 20A9A87A1B78A6B50036D43F /* Project object */;
}
